github.com/Financial-Times/api-endpoint v1.0.0 h1:EhJfcVcrktPrweue6dCUQAYcEQiXwh+1byIc8a1nypE=
github.com/Financial-Times/api-endpoint v1.0.0/go.mod h1:QrJsxP8uEZIPJZon+qhc+zO7H0634DpoqDI291i0Nag=
github.com/Financial-Times/cm-goose v0.0.0-20220308155951-bcacfc22c6c8 h1:mpaamN0UFfiBy6RT6430N8kGEKKNE1mlbJIbh0FxK/I=
github.com/Financial-Times/cm-goose v0.0.0-20220308155951-bcacfc22c6c8/go.mod h1:Z/6nUMoJuHV43LZunm/RIz97dqCy1gCJss4u7Ro+kKA=
github.com/Financial-Times/go-fthealth v0.0.0-20170525095041-e7ccca038327 h1:DeqBOBhqIZG90jr+A+pYR1+Zt0TBZwD5fR+yqJH5EcA=
github.com/Financial-Times/go-fthealth v0.0.0-20170525095041-e7ccca038327/go.mod h1:gpAzq6W5rCheYlY32JOIxS/VjVcYHbC2PkMzQngHT9c=
github.com/Financial-Times/http-handlers-go v0.0.0-20170809121007-229ac16f1d9e h1:/Y2wrSfkueFmdOIyQSABebfEe5P+yFyxBnmtnx1C0HM=
github.com/Financial-Times/http-handlers-go v0.0.0-20170809121007-229ac16f1d9e/go.mod h1:sAkXv1oPYgNTYBYsYs83HwpYp7R50mvgBGGcsOlJtOw=
github.com/Financial-Times/service-status-go v0.0.0-20160323111542-3f5199736a3d h1:USNBTIof6vWGM49SYrxvC5Y8NqyDL3YuuYmID81ORZQ=
github.com/Financial-Times/service-status-go v0.0.0-20160323111542-3f5199736a3d/go.mod h1:7zULC9rrq6KxFkpB3Y5zNVaEwrf1g2m3dvXJBPDXyvM=
github.com/Financial-Times/transactionid-utils-go v0.2.0 h1:YcET5Hd1fUGWWpQSVszYUlAc15ca8tmjRetUuQKRqEQ=
github.com/Financial-Times/transactionid-utils-go v0.2.0/go.mod h1:tPAcAFs/dR6Q7hBDGNyUyixHRvg/n9NW/JTq8C58oZ0=
github.com/davecgh/go-spew v1.1.0/go.mod h1:J7Y8YcW2NihsgmVo/mv3lAwl/skON4iLHjSsI+c5H38=
github.com/davecgh/go-spew v1.1.1-0.20171005155431-ecdeabc65495 h1:b2hEFhj0PgDc77eCeDUSKXynIoXJRt6yTZ8aMk2cPoI=
github.com/davecgh/go-spew v1.1.1-0.20171005155431-ecdeabc65495/go.mod h1:J7Y8YcW2NihsgmVo/mv3lAwl/skON4iLHjSsI+c5H38=
github.com/go-sql-driver/mysql v1.3.0 h1:pgwjLi/dvffoP9aabwkT3AKpXQM93QARkjFhDDqC1UE=
github.com/go-sql-driver/mysql v1.3.0/go.mod h1:zAC/RDZ24gD3HViQzih4MyKcchzm+sOG5ZlKdlhCg5w=
github.com/google/uuid v1.3.0 h1:t6JiXgmwXMjEs8VusXIJk2BXHsn+wx8BZdTaoZ5fu7I=
github.com/google/uuid v1.3.0/go.mod h1:TIyPZe4MgqvfeYDBFedMoGGpEw/LqOeaOT+nhxU+yHo=
github.com/hashicorp/go-version v1.2.0 h1:3vNe/fWF5CBgRIguda1meWhsZHy3m8gCJ5wx+dIzX/E=
github.com/hashicorp/go-version v1.2.0/go.mod h1:fltr4n8CU8Ke44wwGCBoEymUuxUHl09ZGVZPK5anwXA=
github.com/husobee/vestigo v1.0.2 h1:K4Awra33kZsLUQeTwrtdkj/Yf6pIy7b6qMtJH3s5SA4=
github.com/husobee/vestigo v1.0.2/go.mod h1:JigD7C8lzUfpo1uzqYgefpyZLswrtJbAQxMw7ds7YCE=
github.com/jawher/mow.cli v1.0.2 h1:CiBs8K6bKCrt6SdVttb+davPTqkBHmaEyhd8gPhcGWU=
github.com/jawher/mow.cli v1.0.2/go.mod h1:5hQj2V8g+qYmLUVWqu4Wuja1pI57M83EChYLVZ0sMKk=
github.com/kr/pty v1.1.1/go.mod h1:pFQYn66WHrOpPYNljwOMqo10TkYh1fy3cYio2l3bCsQ=
github.com/kr/text v0.1.0 h1:45sCR5RtlFHMR4UwH9sdQ5TC8v0qDQCHnXt+kaKSTVE=
github.com/kr/text v0.1.0/go.mod h1:4Jbv+DJW3UT/LiOwJeYQe1efqtUx/iVham/4vfdArNI=
github.com/mohae/customjson v0.0.0-20160630221641-3b3ef2544b5e h1:WzQtzBu1QL5fts3mQr81Uqrwlv+F5coCKw1BuYplMAY=
github.com/mohae/customjson v0.0.0-20160630221641-3b3ef2544b5e/go.mod h1:YMedcux2mD8uWTs/6JPOBfel+9Md+SiIYMmAWBsVpT4=
github.com/mohae/utilitybelt v0.0.0-20160829234322-d4f15c760e5a h1:CCzma8w6GzWtwQHDwZUxPV4E4l1UGg/EExsjAJqpk9w=
github.com/mohae/utilitybelt v0.0.0-20160829234322-d4f15c760e5a/go.mod h1:uncL+tCiLLmaZE4j5jFUf9WAFhs9KPElFwro3pQvAJ8=
github.com/niemeyer/pretty v0.0.0-20200227124842-a10e7caefd8e h1:fD57ERR4JtEqsWbfPhv4DMiApHyliiK5xCTNVSPiaAs=
github.com/niemeyer/pretty v0.0.0-20200227124842-a10e7caefd8e/go.mod h1:zD1mROLANZcx1PVRCS0qkT7pwLkGfwJo4zjcN/Tysno=
github.com/oliveagle/jsonpath v0.0.0-20160506051332-46b039cf586c h1:gTHsusFk9zLizGwtvryHl0aGEHMSzncIoLEhrq5iUkM=
github.com/oliveagle/jsonpath v0.0.0-20160506051332-46b039cf586c/go.mod h1:eqOVx5Vwu4gd2mmMZvVZsgIqNSaW3xxRThUJ0k/TPk4=
github.com/pmezard/go-difflib v1.0.0 h1:4DBwDE0NGyQoBHbLQYPwSUPoCMWR5BEzIk/f1lZbAQM=
github.com/pmezard/go-difflib v1.0.0/go.mod h1:iKH77koFhYxTK1pcRnkKkqfTogsbg7gZNVY4sRDYZ/4=
github.com/rcrowley/go-metrics v0.0.0-20161128210544-1f30fe9094a5 h1:gwcdIpH6NU2iF8CmcqD+CP6+1CkRBOhHaPR+iu6raBY=
github.com/rcrowley/go-metrics v0.0.0-20161128210544-1f30fe9094a5/go.mod h1:bCqnVzQkZxMG4s8nGwiZ5l3QUCyqpo9Y+/ZMZ9VjZe4=
github.com/sirupsen/logrus v1.0.3 h1:B5C/igNWoiULof20pKfY4VntcIPqKuwEmoLZrabbUrc=
github.com/sirupsen/logrus v1.0.3/go.mod h1:pMByvHTf9Beacp5x1UXfOR9xyW/9antXMhjMPG0dEzc=
github.com/stretchr/objx v0.1.0 h1:4G4v2dO3VZwixGIRoQ5Lfboy6nUhCyYzaqnIAPPhYs4=
github.com/stretchr/objx v0.1.0/go.mod h1:HFkY916IF+rwdDfMAkV7OtwuqBVzrE8GR6GFx+wExME=
github.com/stretchr/testify v1.5.1 h1:nOGnQDM7FYENwehXlg/kFVnos3rEvtKTjRvOWSzb6H4=
github.com/stretchr/testify v1.5.1/go.mod h1:5W2xD1RspED5o8YsWQXVCued0rvSQ+mT+I5cxcmMvtA=
golang.org/x/crypto v0.23.0 h1:dIJU/v2J8Mdglj/8rJ6UUOM3Zc9zLZxVZwwxMooUSAI=
golang.org/x/crypto v0.23.0/go.mod h1:CKFgDieR+mRhux2Lsu27y0fO304Db0wZe70UKqHu0v8=
golang.org/x/net v0.21.0 h1:AQyQV4dYCvJ7vGmJyKki9+PBdyvhkSd8EIx/qb0AYv4=
golang.org/x/net v0.21.0/go.mod h1:bIjVDfnllIU7BJ2DNgfnXvpSvtn8VRwhlsaeUTyUS44=
golang.org/x/sys v0.20.0 h1:Od9JTbYCk261bKm4M/mw7AklTlFYIa0bIp9BgSm1S8Y=
golang.org/x/sys v0.20.0/go.mod h1:/VUhepiaJMQUp4+oa/7Zr1D23ma6VTLIYjOOTFZPUcA=
golang.org/x/term v0.20.0 h1:VnkxpohqXaOBYJtBmEppKUG6mXpi+4O6purfc2+sMhw=
golang.org/x/term v0.20.0/go.mod h1:8UkIAJTvZgivsXaD6/pH6U9ecQzZ45awqEOzuCvwpFY=
gopkg.in/airbrake/gobrake.v2 v2.0.9 h1:7z2uVWwn7oVeeugY1DtlPAy5H+KYgB1KeKTnqjNatLo=
gopkg.in/airbrake/gobrake.v2 v2.0.9/go.mod h1:/h5ZAUhDkGaJfjzjKLSjv6zCL6O0LLBxU4K+aSYdM/U=
gopkg.in/check.v1 v0.0.0-20161208181325-20d25e280405/go.mod h1:Co6ibVJAznAaIkqp8huTwlJQCZ016jof/cbN4VW5Yz0=
gopkg.in/check.v1 v1.0.0-20200227125254-8fa46927fb4f h1:BLraFXnmrev5lT+xlilqcH8XK9/i0At2xKjWk4p6zsU=
gopkg.in/check.v1 v1.0.0-20200227125254-8fa46927fb4f/go.mod h1:Co6ibVJAznAaIkqp8huTwlJQCZ016jof/cbN4VW5Yz0=
gopkg.in/gemnasium/logrus-airbrake-hook.v2 v2.1.2 h1:OAj3g0cR6Dx/R07QgQe8wkA9RNjB2u4i700xBkIT4e0=
gopkg.in/gemnasium/logrus-airbrake-hook.v2 v2.1.2/go.mod h1:Xk6kEKp8OKb+X14hQBKWaSkCsqBpgog8nAV2xsGOxlo=
gopkg.in/yaml.v2 v2.2.2/go.mod h1:hI93XBmqTisBFMUTm0b8Fm+jr3Dg1NNxqwp+5A1VGuI=
gopkg.in/yaml.v2 v2.3.0 h1:clyUAQHOM3G0M3f5vQj7LuJrETvjVot3Z5el9nffUtU=
gopkg.in/yaml.v2 v2.3.0/go.mod h1:hI93XBmqTisBFMUTm0b8Fm+jr3Dg1NNxqwp+5A1VGuI=
